
Microsoft Visual Studio Solution File, Format Version 12.00
# Visual Studio Version 16
VisualStudioVersion = 16.0.32510.428
MinimumVisualStudioVersion = 10.0.40219.1
Project("{9A19103F-16F7-4668-BE54-9A1E7A4F7556}") = "Bookinist", "Bookinist\Bookinist.csproj", "{3AC0326E-6FA1-4F28-A7FB-DEF3AD988681}"
EndProject
Project("{9A19103F-16F7-4668-BE54-9A1E7A4F7556}") = "Bookinist.DAL", "Bookinist.DAL\Bookinist.DAL.csproj", "{2B88EEC7-A154-43E6-8E29-3487E8BB3C10}"
EndProject
Project("{9A19103F-16F7-4668-BE54-9A1E7A4F7556}") = "Bookinist.Interfaces", "Bookinist.Interfaces\Bookinist.Interfaces.csproj", "{4F0CD7C8-B1E9-410F-BB6F-C09861768846}"
EndProject
Project("{2150E333-8FDC-42A3-9474-1A3956D46DE8}") = "MigrationProjects", "MigrationProjects", "{0E3881A7-B220-4E30-ABF7-FC442703331C}"
EndProject
Project("{FAE04EC0-301F-11D3-BF4B-00C04F79EFBC}") = "MSSQLMigrations", "MigrationProjects\MSSQLMigrations\MSSQLMigrations.csproj", "{957FBF18-6EE6-4169-9F00-685471FAEFA4}"
EndProject
Project("{FAE04EC0-301F-11D3-BF4B-00C04F79EFBC}") = "SQLiteMigrations", "MigrationProjects\SQLiteMigrations\SQLiteMigrations.csproj", "{287AD2D9-2AA1-496F-8091-899C20374610}"
EndProject
Global
	GlobalSection(SolutionConfigurationPlatforms) = preSolution
		Debug|Any CPU = Debug|Any CPU
		Release|Any CPU = Release|Any CPU
	EndGlobalSection
	GlobalSection(ProjectConfigurationPlatforms) = postSolution
		{3AC0326E-6FA1-4F28-A7FB-DEF3AD988681}.Debug|Any CPU.ActiveCfg = Debug|Any CPU
		{3AC0326E-6FA1-4F28-A7FB-DEF3AD988681}.Debug|Any CPU.Build.0 = Debug|Any CPU
		{3AC0326E-6FA1-4F28-A7FB-DEF3AD988681}.Release|Any CPU.ActiveCfg = Release|Any CPU
		{3AC0326E-6FA1-4F28-A7FB-DEF3AD988681}.Release|Any CPU.Build.0 = Release|Any CPU
		{2B88EEC7-A154-43E6-8E29-3487E8BB3C10}.Debug|Any CPU.ActiveCfg = Debug|Any CPU
		{2B88EEC7-A154-43E6-8E29-3487E8BB3C10}.Debug|Any CPU.Build.0 = Debug|Any CPU
		{2B88EEC7-A154-43E6-8E29-3487E8BB3C10}.Release|Any CPU.ActiveCfg = Release|Any CPU
		{2B88EEC7-A154-43E6-8E29-3487E8BB3C10}.Release|Any CPU.Build.0 = Release|Any CPU
		{4F0CD7C8-B1E9-410F-BB6F-C09861768846}.Debug|Any CPU.ActiveCfg = Debug|Any CPU
		{4F0CD7C8-B1E9-410F-BB6F-C09861768846}.Debug|Any CPU.Build.0 = Debug|Any CPU
		{4F0CD7C8-B1E9-410F-BB6F-C09861768846}.Release|Any CPU.ActiveCfg = Release|Any CPU
		{4F0CD7C8-B1E9-410F-BB6F-C09861768846}.Release|Any CPU.Build.0 = Release|Any CPU
		{957FBF18-6EE6-4169-9F00-685471FAEFA4}.Debug|Any CPU.ActiveCfg = Debug|Any CPU
		{957FBF18-6EE6-4169-9F00-685471FAEFA4}.Debug|Any CPU.Build.0 = Debug|Any CPU
		{957FBF18-6EE6-4169-9F00-685471FAEFA4}.Release|Any CPU.ActiveCfg = Release|Any CPU
		{957FBF18-6EE6-4169-9F00-685471FAEFA4}.Release|Any CPU.Build.0 = Release|Any CPU
		{287AD2D9-2AA1-496F-8091-899C20374610}.Debug|Any CPU.ActiveCfg = Debug|Any CPU
		{287AD2D9-2AA1-496F-8091-899C20374610}.Debug|Any CPU.Build.0 = Debug|Any CPU
		{287AD2D9-2AA1-496F-8091-899C20374610}.Release|Any CPU.ActiveCfg = Release|Any CPU
		{287AD2D9-2AA1-496F-8091-899C20374610}.Release|Any CPU.Build.0 = Release|Any CPU
	EndGlobalSection
	GlobalSection(SolutionProperties) = preSolution
		HideSolutionNode = FALSE
	EndGlobalSection
	GlobalSection(NestedProjects) = preSolution
		{957FBF18-6EE6-4169-9F00-685471FAEFA4} = {0E3881A7-B220-4E30-ABF7-FC442703331C}
		{287AD2D9-2AA1-496F-8091-899C20374610} = {0E3881A7-B220-4E30-ABF7-FC442703331C}
	EndGlobalSection
	GlobalSection(ExtensibilityGlobals) = postSolution
		SolutionGuid = {2B31BB38-B1A3-4E40-9496-66C9AD41ECBD}
	EndGlobalSection
EndGlobal
