
Microsoft Visual Studio Solution File, Format Version 12.00
# Visual Studio Version 16
VisualStudioVersion = 16.0.32510.428
MinimumVisualStudioVersion = 10.0.40219.1
Project("{FAE04EC0-301F-11D3-BF4B-00C04F79EFBC}") = "Bookinist", "Bookinist\Bookinist.csproj", "{3AC0326E-6FA1-4F28-A7FB-DEF3AD988681}"
EndProject
Project("{FAE04EC0-301F-11D3-BF4B-00C04F79EFBC}") = "Bookinist.DAL", "Bookinist.DAL\Bookinist.DAL.csproj", "{2B88EEC7-A154-43E6-8E29-3487E8BB3C10}"
EndProject
Global
	GlobalSection(SolutionConfigurationPlatforms) = preSolution
		Debug|Any CPU = Debug|Any CPU
		Release|Any CPU = Release|Any CPU
	EndGlobalSection
	GlobalSection(ProjectConfigurationPlatforms) = postSolution
		{3AC0326E-6FA1-4F28-A7FB-DEF3AD988681}.Debug|Any CPU.ActiveCfg = Debug|Any CPU
		{3AC0326E-6FA1-4F28-A7FB-DEF3AD988681}.Debug|Any CPU.Build.0 = Debug|Any CPU
		{3AC0326E-6FA1-4F28-A7FB-DEF3AD988681}.Release|Any CPU.ActiveCfg = Release|Any CPU
		{3AC0326E-6FA1-4F28-A7FB-DEF3AD988681}.Release|Any CPU.Build.0 = Release|Any CPU
		{2B88EEC7-A154-43E6-8E29-3487E8BB3C10}.Debug|Any CPU.ActiveCfg = Debug|Any CPU
		{2B88EEC7-A154-43E6-8E29-3487E8BB3C10}.Debug|Any CPU.Build.0 = Debug|Any CPU
		{2B88EEC7-A154-43E6-8E29-3487E8BB3C10}.Release|Any CPU.ActiveCfg = Release|Any CPU
		{2B88EEC7-A154-43E6-8E29-3487E8BB3C10}.Release|Any CPU.Build.0 = Release|Any CPU
	EndGlobalSection
	GlobalSection(SolutionProperties) = preSolution
		HideSolutionNode = FALSE
	EndGlobalSection
	GlobalSection(ExtensibilityGlobals) = postSolution
		SolutionGuid = {2B31BB38-B1A3-4E40-9496-66C9AD41ECBD}
	EndGlobalSection
EndGlobal
